
Microsoft Visual Studio Solution File, Format Version 12.00
# Visual Studio Version 16
VisualStudioVersion = 16.0.29806.167
MinimumVisualStudioVersion = 10.0.40219.1
Project("{FAE04EC0-301F-11D3-BF4B-00C04F79EFBC}") = "PrimLolApp.Android", "PrimLolApp\PrimLolApp.Android\PrimLolApp.Android.csproj", "{41083F5B-5AE7-477B-A31F-904A1D73CC3A}"
EndProject
Project("{FAE04EC0-301F-11D3-BF4B-00C04F79EFBC}") = "PrimLolApp.iOS", "PrimLolApp\PrimLolApp.iOS\PrimLolApp.iOS.csproj", "{973EEBB3-CDBA-4696-BF36-ECA6AABD7D76}"
EndProject
Project("{FAE04EC0-301F-11D3-BF4B-00C04F79EFBC}") = "PrimLolApp", "PrimLolApp\PrimLolApp\PrimLolApp.csproj", "{9FC027C7-A2F9-4571-9933-FC6E844ADE1D}"
EndProject
Global
	GlobalSection(SolutionConfigurationPlatforms) = preSolution
		Debug|Any CPU = Debug|Any CPU
		Debug|iPhone = Debug|iPhone
		Debug|iPhoneSimulator = Debug|iPhoneSimulator
		Release|Any CPU = Release|Any CPU
		Release|iPhone = Release|iPhone
		Release|iPhoneSimulator = Release|iPhoneSimulator
	EndGlobalSection
	GlobalSection(ProjectConfigurationPlatforms) = postSolution
		{41083F5B-5AE7-477B-A31F-904A1D73CC3A}.Debug|Any CPU.ActiveCfg = Debug|Any CPU
		{41083F5B-5AE7-477B-A31F-904A1D73CC3A}.Debug|Any CPU.Build.0 = Debug|Any CPU
		{41083F5B-5AE7-477B-A31F-904A1D73CC3A}.Debug|Any CPU.Deploy.0 = Debug|Any CPU
		{41083F5B-5AE7-477B-A31F-904A1D73CC3A}.Debug|iPhone.ActiveCfg = Debug|Any CPU
		{41083F5B-5AE7-477B-A31F-904A1D73CC3A}.Debug|iPhone.Build.0 = Debug|Any CPU
		{41083F5B-5AE7-477B-A31F-904A1D73CC3A}.Debug|iPhone.Deploy.0 = Debug|Any CPU
		{41083F5B-5AE7-477B-A31F-904A1D73CC3A}.Debug|iPhoneSimulator.ActiveCfg = Debug|Any CPU
		{41083F5B-5AE7-477B-A31F-904A1D73CC3A}.Debug|iPhoneSimulator.Build.0 = Debug|Any CPU
		{41083F5B-5AE7-477B-A31F-904A1D73CC3A}.Debug|iPhoneSimulator.Deploy.0 = Debug|Any CPU
		{41083F5B-5AE7-477B-A31F-904A1D73CC3A}.Release|Any CPU.ActiveCfg = Release|Any CPU
		{41083F5B-5AE7-477B-A31F-904A1D73CC3A}.Release|Any CPU.Build.0 = Release|Any CPU
		{41083F5B-5AE7-477B-A31F-904A1D73CC3A}.Release|Any CPU.Deploy.0 = Release|Any CPU
		{41083F5B-5AE7-477B-A31F-904A1D73CC3A}.Release|iPhone.ActiveCfg = Release|Any CPU
		{41083F5B-5AE7-477B-A31F-904A1D73CC3A}.Release|iPhone.Build.0 = Release|Any CPU
		{41083F5B-5AE7-477B-A31F-904A1D73CC3A}.Release|iPhone.Deploy.0 = Release|Any CPU
		{41083F5B-5AE7-477B-A31F-904A1D73CC3A}.Release|iPhoneSimulator.ActiveCfg = Release|Any CPU
		{41083F5B-5AE7-477B-A31F-904A1D73CC3A}.Release|iPhoneSimulator.Build.0 = Release|Any CPU
		{41083F5B-5AE7-477B-A31F-904A1D73CC3A}.Release|iPhoneSimulator.Deploy.0 = Release|Any CPU
		{973EEBB3-CDBA-4696-BF36-ECA6AABD7D76}.Debug|Any CPU.ActiveCfg = Debug|iPhoneSimulator
		{973EEBB3-CDBA-4696-BF36-ECA6AABD7D76}.Debug|Any CPU.Build.0 = Debug|iPhoneSimulator
		{973EEBB3-CDBA-4696-BF36-ECA6AABD7D76}.Debug|Any CPU.Deploy.0 = Debug|iPhoneSimulator
		{973EEBB3-CDBA-4696-BF36-ECA6AABD7D76}.Debug|iPhone.ActiveCfg = Debug|iPhone
		{973EEBB3-CDBA-4696-BF36-ECA6AABD7D76}.Debug|iPhone.Build.0 = Debug|iPhone
		{973EEBB3-CDBA-4696-BF36-ECA6AABD7D76}.Debug|iPhone.Deploy.0 = Debug|iPhone
		{973EEBB3-CDBA-4696-BF36-ECA6AABD7D76}.Debug|iPhoneSimulator.ActiveCfg = Debug|iPhoneSimulator
		{973EEBB3-CDBA-4696-BF36-ECA6AABD7D76}.Debug|iPhoneSimulator.Build.0 = Debug|iPhoneSimulator
		{973EEBB3-CDBA-4696-BF36-ECA6AABD7D76}.Debug|iPhoneSimulator.Deploy.0 = Debug|iPhoneSimulator
		{973EEBB3-CDBA-4696-BF36-ECA6AABD7D76}.Release|Any CPU.ActiveCfg = Release|iPhone
		{973EEBB3-CDBA-4696-BF36-ECA6AABD7D76}.Release|Any CPU.Build.0 = Release|iPhone
		{973EEBB3-CDBA-4696-BF36-ECA6AABD7D76}.Release|Any CPU.Deploy.0 = Release|iPhone
		{973EEBB3-CDBA-4696-BF36-ECA6AABD7D76}.Release|iPhone.ActiveCfg = Release|iPhone
		{973EEBB3-CDBA-4696-BF36-ECA6AABD7D76}.Release|iPhone.Build.0 = Release|iPhone
		{973EEBB3-CDBA-4696-BF36-ECA6AABD7D76}.Release|iPhone.Deploy.0 = Release|iPhone
		{973EEBB3-CDBA-4696-BF36-ECA6AABD7D76}.Release|iPhoneSimulator.ActiveCfg = Release|iPhoneSimulator
		{973EEBB3-CDBA-4696-BF36-ECA6AABD7D76}.Release|iPhoneSimulator.Build.0 = Release|iPhoneSimulator
		{973EEBB3-CDBA-4696-BF36-ECA6AABD7D76}.Release|iPhoneSimulator.Deploy.0 = Release|iPhoneSimulator
		{9FC027C7-A2F9-4571-9933-FC6E844ADE1D}.Debug|Any CPU.ActiveCfg = Debug|Any CPU
		{9FC027C7-A2F9-4571-9933-FC6E844ADE1D}.Debug|Any CPU.Build.0 = Debug|Any CPU
		{9FC027C7-A2F9-4571-9933-FC6E844ADE1D}.Debug|Any CPU.Deploy.0 = Debug|Any CPU
		{9FC027C7-A2F9-4571-9933-FC6E844ADE1D}.Debug|iPhone.ActiveCfg = Debug|Any CPU
		{9FC027C7-A2F9-4571-9933-FC6E844ADE1D}.Debug|iPhone.Build.0 = Debug|Any CPU
		{9FC027C7-A2F9-4571-9933-FC6E844ADE1D}.Debug|iPhone.Deploy.0 = Debug|Any CPU
		{9FC027C7-A2F9-4571-9933-FC6E844ADE1D}.Debug|iPhoneSimulator.ActiveCfg = Debug|Any CPU
		{9FC027C7-A2F9-4571-9933-FC6E844ADE1D}.Debug|iPhoneSimulator.Build.0 = Debug|Any CPU
		{9FC027C7-A2F9-4571-9933-FC6E844ADE1D}.Debug|iPhoneSimulator.Deploy.0 = Debug|Any CPU
		{9FC027C7-A2F9-4571-9933-FC6E844ADE1D}.Release|Any CPU.ActiveCfg = Release|Any CPU
		{9FC027C7-A2F9-4571-9933-FC6E844ADE1D}.Release|Any CPU.Build.0 = Release|Any CPU
		{9FC027C7-A2F9-4571-9933-FC6E844ADE1D}.Release|Any CPU.Deploy.0 = Release|Any CPU
		{9FC027C7-A2F9-4571-9933-FC6E844ADE1D}.Release|iPhone.ActiveCfg = Release|Any CPU
		{9FC027C7-A2F9-4571-9933-FC6E844ADE1D}.Release|iPhone.Build.0 = Release|Any CPU
		{9FC027C7-A2F9-4571-9933-FC6E844ADE1D}.Release|iPhone.Deploy.0 = Release|Any CPU
		{9FC027C7-A2F9-4571-9933-FC6E844ADE1D}.Release|iPhoneSimulator.ActiveCfg = Release|Any CPU
		{9FC027C7-A2F9-4571-9933-FC6E844ADE1D}.Release|iPhoneSimulator.Build.0 = Release|Any CPU
		{9FC027C7-A2F9-4571-9933-FC6E844ADE1D}.Release|iPhoneSimulator.Deploy.0 = Release|Any CPU
	EndGlobalSection
	GlobalSection(SolutionProperties) = preSolution
		HideSolutionNode = FALSE
	EndGlobalSection
	GlobalSection(ExtensibilityGlobals) = postSolution
		SolutionGuid = {312CFDE3-5F4C-4B12-8240-DD706EC5C9FC}
	EndGlobalSection
EndGlobal
